
Microsoft Visual Studio Solution File, Format Version 12.00
# Visual Studio 14
VisualStudioVersion = 14.0.25420.1
MinimumVisualStudioVersion = 10.0.40219.1
Project("{FAE04EC0-301F-11D3-BF4B-00C04F79EFBC}") = "Business.DomainModels", "Business.DomainModels\Business.DomainModels.csproj", "{F8E6AB1C-9140-4DFB-A0FE-0B601F21966A}"
EndProject
Project("{FAE04EC0-301F-11D3-BF4B-00C04F79EFBC}") = "Business.WebApi", "Business.WebApi\Business.WebApi.csproj", "{D5D7A734-6134-421C-B3FC-7B655EFB15DA}"
EndProject
Project("{FAE04EC0-301F-11D3-BF4B-00C04F79EFBC}") = "Business.Core", "Business.Core\Business.Core.csproj", "{E94A6A69-A0B9-4086-B74E-FF3698F08271}"
EndProject
Project("{FAE04EC0-301F-11D3-BF4B-00C04F79EFBC}") = "Business.iOS", "Business.iOS\Business.iOS.csproj", "{ECA8099A-8210-46D0-94A9-2D8885A9087C}"
EndProject
Project("{FAE04EC0-301F-11D3-BF4B-00C04F79EFBC}") = "Business.Android", "Business.Android\Business.Android.csproj", "{FCBA865D-7FB3-4B72-A0F6-7806F2217ADB}"
EndProject
Global
	GlobalSection(SolutionConfigurationPlatforms) = preSolution
		Ad-Hoc|Any CPU = Ad-Hoc|Any CPU
		Ad-Hoc|iPhone = Ad-Hoc|iPhone
		Ad-Hoc|iPhoneSimulator = Ad-Hoc|iPhoneSimulator
		AppStore|Any CPU = AppStore|Any CPU
		AppStore|iPhone = AppStore|iPhone
		AppStore|iPhoneSimulator = AppStore|iPhoneSimulator
		Debug|Any CPU = Debug|Any CPU
		Debug|iPhone = Debug|iPhone
		Debug|iPhoneSimulator = Debug|iPhoneSimulator
		Release|Any CPU = Release|Any CPU
		Release|iPhone = Release|iPhone
		Release|iPhoneSimulator = Release|iPhoneSimulator
	EndGlobalSection
	GlobalSection(ProjectConfigurationPlatforms) = postSolution
		{F8E6AB1C-9140-4DFB-A0FE-0B601F21966A}.Ad-Hoc|Any CPU.ActiveCfg = Release|Any CPU
		{F8E6AB1C-9140-4DFB-A0FE-0B601F21966A}.Ad-Hoc|Any CPU.Build.0 = Release|Any CPU
		{F8E6AB1C-9140-4DFB-A0FE-0B601F21966A}.Ad-Hoc|iPhone.ActiveCfg = Release|Any CPU
		{F8E6AB1C-9140-4DFB-A0FE-0B601F21966A}.Ad-Hoc|iPhone.Build.0 = Release|Any CPU
		{F8E6AB1C-9140-4DFB-A0FE-0B601F21966A}.Ad-Hoc|iPhoneSimulator.ActiveCfg = Release|Any CPU
		{F8E6AB1C-9140-4DFB-A0FE-0B601F21966A}.Ad-Hoc|iPhoneSimulator.Build.0 = Release|Any CPU
		{F8E6AB1C-9140-4DFB-A0FE-0B601F21966A}.AppStore|Any CPU.ActiveCfg = Release|Any CPU
		{F8E6AB1C-9140-4DFB-A0FE-0B601F21966A}.AppStore|Any CPU.Build.0 = Release|Any CPU
		{F8E6AB1C-9140-4DFB-A0FE-0B601F21966A}.AppStore|iPhone.ActiveCfg = Release|Any CPU
		{F8E6AB1C-9140-4DFB-A0FE-0B601F21966A}.AppStore|iPhone.Build.0 = Release|Any CPU
		{F8E6AB1C-9140-4DFB-A0FE-0B601F21966A}.AppStore|iPhoneSimulator.ActiveCfg = Release|Any CPU
		{F8E6AB1C-9140-4DFB-A0FE-0B601F21966A}.AppStore|iPhoneSimulator.Build.0 = Release|Any CPU
		{F8E6AB1C-9140-4DFB-A0FE-0B601F21966A}.Debug|Any CPU.ActiveCfg = Debug|Any CPU
		{F8E6AB1C-9140-4DFB-A0FE-0B601F21966A}.Debug|Any CPU.Build.0 = Debug|Any CPU
		{F8E6AB1C-9140-4DFB-A0FE-0B601F21966A}.Debug|iPhone.ActiveCfg = Debug|Any CPU
		{F8E6AB1C-9140-4DFB-A0FE-0B601F21966A}.Debug|iPhone.Build.0 = Debug|Any CPU
		{F8E6AB1C-9140-4DFB-A0FE-0B601F21966A}.Debug|iPhoneSimulator.ActiveCfg = Debug|Any CPU
		{F8E6AB1C-9140-4DFB-A0FE-0B601F21966A}.Debug|iPhoneSimulator.Build.0 = Debug|Any CPU
		{F8E6AB1C-9140-4DFB-A0FE-0B601F21966A}.Release|Any CPU.ActiveCfg = Release|Any CPU
		{F8E6AB1C-9140-4DFB-A0FE-0B601F21966A}.Release|Any CPU.Build.0 = Release|Any CPU
		{F8E6AB1C-9140-4DFB-A0FE-0B601F21966A}.Release|iPhone.ActiveCfg = Release|Any CPU
		{F8E6AB1C-9140-4DFB-A0FE-0B601F21966A}.Release|iPhone.Build.0 = Release|Any CPU
		{F8E6AB1C-9140-4DFB-A0FE-0B601F21966A}.Release|iPhoneSimulator.ActiveCfg = Release|Any CPU
		{F8E6AB1C-9140-4DFB-A0FE-0B601F21966A}.Release|iPhoneSimulator.Build.0 = Release|Any CPU
		{D5D7A734-6134-421C-B3FC-7B655EFB15DA}.Ad-Hoc|Any CPU.ActiveCfg = Release|Any CPU
		{D5D7A734-6134-421C-B3FC-7B655EFB15DA}.Ad-Hoc|Any CPU.Build.0 = Release|Any CPU
		{D5D7A734-6134-421C-B3FC-7B655EFB15DA}.Ad-Hoc|iPhone.ActiveCfg = Release|Any CPU
		{D5D7A734-6134-421C-B3FC-7B655EFB15DA}.Ad-Hoc|iPhone.Build.0 = Release|Any CPU
		{D5D7A734-6134-421C-B3FC-7B655EFB15DA}.Ad-Hoc|iPhoneSimulator.ActiveCfg = Release|Any CPU
		{D5D7A734-6134-421C-B3FC-7B655EFB15DA}.Ad-Hoc|iPhoneSimulator.Build.0 = Release|Any CPU
		{D5D7A734-6134-421C-B3FC-7B655EFB15DA}.AppStore|Any CPU.ActiveCfg = Release|Any CPU
		{D5D7A734-6134-421C-B3FC-7B655EFB15DA}.AppStore|Any CPU.Build.0 = Release|Any CPU
		{D5D7A734-6134-421C-B3FC-7B655EFB15DA}.AppStore|iPhone.ActiveCfg = Release|Any CPU
		{D5D7A734-6134-421C-B3FC-7B655EFB15DA}.AppStore|iPhone.Build.0 = Release|Any CPU
		{D5D7A734-6134-421C-B3FC-7B655EFB15DA}.AppStore|iPhoneSimulator.ActiveCfg = Release|Any CPU
		{D5D7A734-6134-421C-B3FC-7B655EFB15DA}.AppStore|iPhoneSimulator.Build.0 = Release|Any CPU
		{D5D7A734-6134-421C-B3FC-7B655EFB15DA}.Debug|Any CPU.ActiveCfg = Debug|Any CPU
		{D5D7A734-6134-421C-B3FC-7B655EFB15DA}.Debug|Any CPU.Build.0 = Debug|Any CPU
		{D5D7A734-6134-421C-B3FC-7B655EFB15DA}.Debug|iPhone.ActiveCfg = Debug|Any CPU
		{D5D7A734-6134-421C-B3FC-7B655EFB15DA}.Debug|iPhone.Build.0 = Debug|Any CPU
		{D5D7A734-6134-421C-B3FC-7B655EFB15DA}.Debug|iPhoneSimulator.ActiveCfg = Debug|Any CPU
		{D5D7A734-6134-421C-B3FC-7B655EFB15DA}.Debug|iPhoneSimulator.Build.0 = Debug|Any CPU
		{D5D7A734-6134-421C-B3FC-7B655EFB15DA}.Release|Any CPU.ActiveCfg = Release|Any CPU
		{D5D7A734-6134-421C-B3FC-7B655EFB15DA}.Release|Any CPU.Build.0 = Release|Any CPU
		{D5D7A734-6134-421C-B3FC-7B655EFB15DA}.Release|iPhone.ActiveCfg = Release|Any CPU
		{D5D7A734-6134-421C-B3FC-7B655EFB15DA}.Release|iPhone.Build.0 = Release|Any CPU
		{D5D7A734-6134-421C-B3FC-7B655EFB15DA}.Release|iPhoneSimulator.ActiveCfg = Release|Any CPU
		{D5D7A734-6134-421C-B3FC-7B655EFB15DA}.Release|iPhoneSimulator.Build.0 = Release|Any CPU
		{E94A6A69-A0B9-4086-B74E-FF3698F08271}.Ad-Hoc|Any CPU.ActiveCfg = Release|Any CPU
		{E94A6A69-A0B9-4086-B74E-FF3698F08271}.Ad-Hoc|Any CPU.Build.0 = Release|Any CPU
		{E94A6A69-A0B9-4086-B74E-FF3698F08271}.Ad-Hoc|iPhone.ActiveCfg = Release|Any CPU
		{E94A6A69-A0B9-4086-B74E-FF3698F08271}.Ad-Hoc|iPhone.Build.0 = Release|Any CPU
		{E94A6A69-A0B9-4086-B74E-FF3698F08271}.Ad-Hoc|iPhoneSimulator.ActiveCfg = Release|Any CPU
		{E94A6A69-A0B9-4086-B74E-FF3698F08271}.Ad-Hoc|iPhoneSimulator.Build.0 = Release|Any CPU
		{E94A6A69-A0B9-4086-B74E-FF3698F08271}.AppStore|Any CPU.ActiveCfg = Release|Any CPU
		{E94A6A69-A0B9-4086-B74E-FF3698F08271}.AppStore|Any CPU.Build.0 = Release|Any CPU
		{E94A6A69-A0B9-4086-B74E-FF3698F08271}.AppStore|iPhone.ActiveCfg = Release|Any CPU
		{E94A6A69-A0B9-4086-B74E-FF3698F08271}.AppStore|iPhone.Build.0 = Release|Any CPU
		{E94A6A69-A0B9-4086-B74E-FF3698F08271}.AppStore|iPhoneSimulator.ActiveCfg = Release|Any CPU
		{E94A6A69-A0B9-4086-B74E-FF3698F08271}.AppStore|iPhoneSimulator.Build.0 = Release|Any CPU
		{E94A6A69-A0B9-4086-B74E-FF3698F08271}.Debug|Any CPU.ActiveCfg = Debug|Any CPU
		{E94A6A69-A0B9-4086-B74E-FF3698F08271}.Debug|Any CPU.Build.0 = Debug|Any CPU
		{E94A6A69-A0B9-4086-B74E-FF3698F08271}.Debug|iPhone.ActiveCfg = Debug|Any CPU
		{E94A6A69-A0B9-4086-B74E-FF3698F08271}.Debug|iPhone.Build.0 = Debug|Any CPU
		{E94A6A69-A0B9-4086-B74E-FF3698F08271}.Debug|iPhoneSimulator.ActiveCfg = Debug|Any CPU
		{E94A6A69-A0B9-4086-B74E-FF3698F08271}.Debug|iPhoneSimulator.Build.0 = Debug|Any CPU
		{E94A6A69-A0B9-4086-B74E-FF3698F08271}.Release|Any CPU.ActiveCfg = Release|Any CPU
		{E94A6A69-A0B9-4086-B74E-FF3698F08271}.Release|Any CPU.Build.0 = Release|Any CPU
		{E94A6A69-A0B9-4086-B74E-FF3698F08271}.Release|iPhone.ActiveCfg = Release|Any CPU
		{E94A6A69-A0B9-4086-B74E-FF3698F08271}.Release|iPhone.Build.0 = Release|Any CPU
		{E94A6A69-A0B9-4086-B74E-FF3698F08271}.Release|iPhoneSimulator.ActiveCfg = Release|Any CPU
		{E94A6A69-A0B9-4086-B74E-FF3698F08271}.Release|iPhoneSimulator.Build.0 = Release|Any CPU
		{ECA8099A-8210-46D0-94A9-2D8885A9087C}.Ad-Hoc|Any CPU.ActiveCfg = Ad-Hoc|iPhone
		{ECA8099A-8210-46D0-94A9-2D8885A9087C}.Ad-Hoc|iPhone.ActiveCfg = Ad-Hoc|iPhone
		{ECA8099A-8210-46D0-94A9-2D8885A9087C}.Ad-Hoc|iPhone.Build.0 = Ad-Hoc|iPhone
		{ECA8099A-8210-46D0-94A9-2D8885A9087C}.Ad-Hoc|iPhoneSimulator.ActiveCfg = Ad-Hoc|iPhoneSimulator
		{ECA8099A-8210-46D0-94A9-2D8885A9087C}.Ad-Hoc|iPhoneSimulator.Build.0 = Ad-Hoc|iPhoneSimulator
		{ECA8099A-8210-46D0-94A9-2D8885A9087C}.AppStore|Any CPU.ActiveCfg = AppStore|iPhone
		{ECA8099A-8210-46D0-94A9-2D8885A9087C}.AppStore|iPhone.ActiveCfg = AppStore|iPhone
		{ECA8099A-8210-46D0-94A9-2D8885A9087C}.AppStore|iPhone.Build.0 = AppStore|iPhone
		{ECA8099A-8210-46D0-94A9-2D8885A9087C}.AppStore|iPhoneSimulator.ActiveCfg = AppStore|iPhoneSimulator
		{ECA8099A-8210-46D0-94A9-2D8885A9087C}.AppStore|iPhoneSimulator.Build.0 = AppStore|iPhoneSimulator
		{ECA8099A-8210-46D0-94A9-2D8885A9087C}.Debug|Any CPU.ActiveCfg  = Debug|iPhoneSimulator
		{ECA8099A-8210-46D0-94A9-2D8885A9087C}.Debug|Any CPU.Build.0 = Debug|iPhoneSimulator
		{E94A6A69-A0B9-4086-B74E-FF3698F08271}.Debug|iPhone.Build.0 = Debug|Any CPU
		{F8E6AB1C-9140-4DFB-A0FE-0B601F21966A}.Debug|iPhone.Build.0 = Debug|Any CPU
		{ECA8099A-8210-46D0-94A9-2D8885A9087C}.Debug|iPhone.ActiveCfg = Debug|iPhone
		{ECA8099A-8210-46D0-94A9-2D8885A9087C}.Debug|iPhone.Build.0 = Debug|iPhone
		{ECA8099A-8210-46D0-94A9-2D8885A9087C}.Debug|iPhoneSimulator.ActiveCfg = Debug|iPhoneSimulator
		{ECA8099A-8210-46D0-94A9-2D8885A9087C}.Debug|iPhoneSimulator.Build.0 = Debug|iPhoneSimulator
		{ECA8099A-8210-46D0-94A9-2D8885A9087C}.Release|Any CPU.ActiveCfg = Release|iPhone
		{ECA8099A-8210-46D0-94A9-2D8885A9087C}.Release|iPhone.ActiveCfg = Release|iPhone
		{ECA8099A-8210-46D0-94A9-2D8885A9087C}.Release|iPhone.Build.0 = Release|iPhone
		{ECA8099A-8210-46D0-94A9-2D8885A9087C}.Release|iPhoneSimulator.ActiveCfg = Release|iPhoneSimulator
		{ECA8099A-8210-46D0-94A9-2D8885A9087C}.Release|iPhoneSimulator.Build.0 = Release|iPhoneSimulator
		{FCBA865D-7FB3-4B72-A0F6-7806F2217ADB}.Ad-Hoc|Any CPU.ActiveCfg = Release|Any CPU
		{FCBA865D-7FB3-4B72-A0F6-7806F2217ADB}.Ad-Hoc|Any CPU.Build.0 = Release|Any CPU
		{FCBA865D-7FB3-4B72-A0F6-7806F2217ADB}.Ad-Hoc|Any CPU.Deploy.0 = Release|Any CPU
		{FCBA865D-7FB3-4B72-A0F6-7806F2217ADB}.Ad-Hoc|iPhone.ActiveCfg = Release|Any CPU
		{FCBA865D-7FB3-4B72-A0F6-7806F2217ADB}.Ad-Hoc|iPhone.Build.0 = Release|Any CPU
		{FCBA865D-7FB3-4B72-A0F6-7806F2217ADB}.Ad-Hoc|iPhone.Deploy.0 = Release|Any CPU
		{FCBA865D-7FB3-4B72-A0F6-7806F2217ADB}.Ad-Hoc|iPhoneSimulator.ActiveCfg = Release|Any CPU
		{FCBA865D-7FB3-4B72-A0F6-7806F2217ADB}.Ad-Hoc|iPhoneSimulator.Build.0 = Release|Any CPU
		{FCBA865D-7FB3-4B72-A0F6-7806F2217ADB}.Ad-Hoc|iPhoneSimulator.Deploy.0 = Release|Any CPU
		{FCBA865D-7FB3-4B72-A0F6-7806F2217ADB}.AppStore|Any CPU.ActiveCfg = Release|Any CPU
		{FCBA865D-7FB3-4B72-A0F6-7806F2217ADB}.AppStore|Any CPU.Build.0 = Release|Any CPU
		{FCBA865D-7FB3-4B72-A0F6-7806F2217ADB}.AppStore|Any CPU.Deploy.0 = Release|Any CPU
		{FCBA865D-7FB3-4B72-A0F6-7806F2217ADB}.AppStore|iPhone.ActiveCfg = Release|Any CPU
		{FCBA865D-7FB3-4B72-A0F6-7806F2217ADB}.AppStore|iPhone.Build.0 = Release|Any CPU
		{FCBA865D-7FB3-4B72-A0F6-7806F2217ADB}.AppStore|iPhone.Deploy.0 = Release|Any CPU
		{FCBA865D-7FB3-4B72-A0F6-7806F2217ADB}.AppStore|iPhoneSimulator.ActiveCfg = Release|Any CPU
		{FCBA865D-7FB3-4B72-A0F6-7806F2217ADB}.AppStore|iPhoneSimulator.Build.0 = Release|Any CPU
		{FCBA865D-7FB3-4B72-A0F6-7806F2217ADB}.AppStore|iPhoneSimulator.Deploy.0 = Release|Any CPU
		{FCBA865D-7FB3-4B72-A0F6-7806F2217ADB}.Debug|Any CPU.ActiveCfg = Debug|Any CPU
		{FCBA865D-7FB3-4B72-A0F6-7806F2217ADB}.Debug|Any CPU.Build.0 = Debug|Any CPU
		{FCBA865D-7FB3-4B72-A0F6-7806F2217ADB}.Debug|Any CPU.Deploy.0 = Debug|Any CPU
		{FCBA865D-7FB3-4B72-A0F6-7806F2217ADB}.Debug|iPhone.ActiveCfg = Debug|Any CPU
		{FCBA865D-7FB3-4B72-A0F6-7806F2217ADB}.Debug|iPhone.Build.0 = Debug|Any CPU
		{FCBA865D-7FB3-4B72-A0F6-7806F2217ADB}.Debug|iPhone.Deploy.0 = Debug|Any CPU
		{FCBA865D-7FB3-4B72-A0F6-7806F2217ADB}.Debug|iPhoneSimulator.ActiveCfg = Debug|Any CPU
		{FCBA865D-7FB3-4B72-A0F6-7806F2217ADB}.Debug|iPhoneSimulator.Build.0 = Debug|Any CPU
		{FCBA865D-7FB3-4B72-A0F6-7806F2217ADB}.Debug|iPhoneSimulator.Deploy.0 = Debug|Any CPU
		{FCBA865D-7FB3-4B72-A0F6-7806F2217ADB}.Release|Any CPU.ActiveCfg = Release|Any CPU
		{FCBA865D-7FB3-4B72-A0F6-7806F2217ADB}.Release|Any CPU.Build.0 = Release|Any CPU
		{FCBA865D-7FB3-4B72-A0F6-7806F2217ADB}.Release|Any CPU.Deploy.0 = Release|Any CPU
		{FCBA865D-7FB3-4B72-A0F6-7806F2217ADB}.Release|iPhone.ActiveCfg = Release|Any CPU
		{FCBA865D-7FB3-4B72-A0F6-7806F2217ADB}.Release|iPhone.Build.0 = Release|Any CPU
		{FCBA865D-7FB3-4B72-A0F6-7806F2217ADB}.Release|iPhone.Deploy.0 = Release|Any CPU
		{FCBA865D-7FB3-4B72-A0F6-7806F2217ADB}.Release|iPhoneSimulator.ActiveCfg = Release|Any CPU
		{FCBA865D-7FB3-4B72-A0F6-7806F2217ADB}.Release|iPhoneSimulator.Build.0 = Release|Any CPU
		{FCBA865D-7FB3-4B72-A0F6-7806F2217ADB}.Release|iPhoneSimulator.Deploy.0 = Release|Any CPU
	EndGlobalSection
	GlobalSection(SolutionProperties) = preSolution
		HideSolutionNode = FALSE
	EndGlobalSection
EndGlobal
